
Microsoft Visual Studio Solution File, Format Version 12.00
# Visual Studio Version 17
VisualStudioVersion = 17.2.32630.192
MinimumVisualStudioVersion = 10.0.40219.1
Project("{FAE04EC0-301F-11D3-BF4B-00C04F79EFBC}") = "Worker", "Worker\Worker.csproj", "{A4B0D158-A0A4-47B9-8B5D-60A775780B0B}"
EndProject
Project("{FAE04EC0-301F-11D3-BF4B-00C04F79EFBC}") = "DataAccess", "DataAccess\DataAccess.csproj", "{861FE41C-4057-4022-A044-7DA14AC73E2C}"
EndProject
Global
	GlobalSection(SolutionConfigurationPlatforms) = preSolution
		Debug|Any CPU = Debug|Any CPU
		Release|Any CPU = Release|Any CPU
	EndGlobalSection
	GlobalSection(ProjectConfigurationPlatforms) = postSolution
		{A4B0D158-A0A4-47B9-8B5D-60A775780B0B}.Debug|Any CPU.ActiveCfg = Debug|Any CPU
		{A4B0D158-A0A4-47B9-8B5D-60A775780B0B}.Debug|Any CPU.Build.0 = Debug|Any CPU
		{A4B0D158-A0A4-47B9-8B5D-60A775780B0B}.Release|Any CPU.ActiveCfg = Release|Any CPU
		{A4B0D158-A0A4-47B9-8B5D-60A775780B0B}.Release|Any CPU.Build.0 = Release|Any CPU
		{861FE41C-4057-4022-A044-7DA14AC73E2C}.Debug|Any CPU.ActiveCfg = Debug|Any CPU
		{861FE41C-4057-4022-A044-7DA14AC73E2C}.Debug|Any CPU.Build.0 = Debug|Any CPU
		{861FE41C-4057-4022-A044-7DA14AC73E2C}.Release|Any CPU.ActiveCfg = Release|Any CPU
		{861FE41C-4057-4022-A044-7DA14AC73E2C}.Release|Any CPU.Build.0 = Release|Any CPU
	EndGlobalSection
	GlobalSection(SolutionProperties) = preSolution
		HideSolutionNode = FALSE
	EndGlobalSection
	GlobalSection(ExtensibilityGlobals) = postSolution
		SolutionGuid = {47C790B2-D36B-4FC1-A87C-7D7AACE9C2F9}
	EndGlobalSection
EndGlobal
