
Microsoft Visual Studio Solution File, Format Version 12.00
# Visual Studio Version 17
VisualStudioVersion = 17.2.32630.192
MinimumVisualStudioVersion = 10.0.40219.1
Project("{9A19103F-16F7-4668-BE54-9A1E7A4F7556}") = "UserAPI", "UserAPI\UserAPI.csproj", "{DC4A693E-0A59-4BC5-BF32-634535984965}"
EndProject
Project("{9A19103F-16F7-4668-BE54-9A1E7A4F7556}") = "Entities", "Entities\Entities.csproj", "{9A5A2E10-AF4B-443D-BA3F-DAE86711E3C2}"
EndProject
Project("{9A19103F-16F7-4668-BE54-9A1E7A4F7556}") = "DataAccess", "DataAccess\DataAccess.csproj", "{C1D39F1B-A51C-4609-82B8-E0CBED930ADA}"
EndProject
Project("{FAE04EC0-301F-11D3-BF4B-00C04F79EFBC}") = "ServiceLayer", "ServiceLayer\ServiceLayer.csproj", "{6ED8F5D8-195F-4F45-B4A4-B1CDEF4EBCF5}"
EndProject
Global
	GlobalSection(SolutionConfigurationPlatforms) = preSolution
		Debug|Any CPU = Debug|Any CPU
		Release|Any CPU = Release|Any CPU
	EndGlobalSection
	GlobalSection(ProjectConfigurationPlatforms) = postSolution
		{DC4A693E-0A59-4BC5-BF32-634535984965}.Debug|Any CPU.ActiveCfg = Debug|Any CPU
		{DC4A693E-0A59-4BC5-BF32-634535984965}.Debug|Any CPU.Build.0 = Debug|Any CPU
		{DC4A693E-0A59-4BC5-BF32-634535984965}.Release|Any CPU.ActiveCfg = Release|Any CPU
		{DC4A693E-0A59-4BC5-BF32-634535984965}.Release|Any CPU.Build.0 = Release|Any CPU
		{9A5A2E10-AF4B-443D-BA3F-DAE86711E3C2}.Debug|Any CPU.ActiveCfg = Debug|Any CPU
		{9A5A2E10-AF4B-443D-BA3F-DAE86711E3C2}.Debug|Any CPU.Build.0 = Debug|Any CPU
		{9A5A2E10-AF4B-443D-BA3F-DAE86711E3C2}.Release|Any CPU.ActiveCfg = Release|Any CPU
		{9A5A2E10-AF4B-443D-BA3F-DAE86711E3C2}.Release|Any CPU.Build.0 = Release|Any CPU
		{C1D39F1B-A51C-4609-82B8-E0CBED930ADA}.Debug|Any CPU.ActiveCfg = Debug|Any CPU
		{C1D39F1B-A51C-4609-82B8-E0CBED930ADA}.Debug|Any CPU.Build.0 = Debug|Any CPU
		{C1D39F1B-A51C-4609-82B8-E0CBED930ADA}.Release|Any CPU.ActiveCfg = Release|Any CPU
		{C1D39F1B-A51C-4609-82B8-E0CBED930ADA}.Release|Any CPU.Build.0 = Release|Any CPU
		{6ED8F5D8-195F-4F45-B4A4-B1CDEF4EBCF5}.Debug|Any CPU.ActiveCfg = Debug|Any CPU
		{6ED8F5D8-195F-4F45-B4A4-B1CDEF4EBCF5}.Debug|Any CPU.Build.0 = Debug|Any CPU
		{6ED8F5D8-195F-4F45-B4A4-B1CDEF4EBCF5}.Release|Any CPU.ActiveCfg = Release|Any CPU
		{6ED8F5D8-195F-4F45-B4A4-B1CDEF4EBCF5}.Release|Any CPU.Build.0 = Release|Any CPU
	EndGlobalSection
	GlobalSection(SolutionProperties) = preSolution
		HideSolutionNode = FALSE
	EndGlobalSection
	GlobalSection(ExtensibilityGlobals) = postSolution
		SolutionGuid = {3ACEBAB0-4C78-4958-A503-A0DD09A5203A}
	EndGlobalSection
EndGlobal
